// !$*UTF8*$!
{
	archiveVersion = 1;
	classes = {
	};
	objectVersion = 50;
	objects = {

/* Begin PBXBuildFile section */
		21875248228164E000408573 /* AppDelegate.m in Sources */ = {isa = PBXBuildFile; fileRef = 21875247228164E000408573 /* AppDelegate.m */; };
		2187524B228164E000408573 /* ViewController.m in Sources */ = {isa = PBXBuildFile; fileRef = 2187524A228164E000408573 /* ViewController.m */; };
		2187524E228164E000408573 /* Main.storyboard in Resources */ = {isa = PBXBuildFile; fileRef = 2187524C228164E000408573 /* Main.storyboard */; };
		21875250228164E300408573 /* Assets.xcassets in Resources */ = {isa = PBXBuildFile; fileRef = 2187524F228164E300408573 /* Assets.xcassets */; };
		21875253228164E300408573 /* LaunchScreen.storyboard in Resources */ = {isa = PBXBuildFile; fileRef = 21875251228164E300408573 /* LaunchScreen.storyboard */; };
		21875256228164E300408573 /* main.m in Sources */ = {isa = PBXBuildFile; fileRef = 21875255228164E300408573 /* main.m */; };
		21875264228164FB00408573 /* NotificationService.m in Sources */ = {isa = PBXBuildFile; fileRef = 21875263228164FB00408573 /* NotificationService.m */; };
		21875268228164FB00408573 /* kuoz.appex in Embed App Extensions */ = {isa = PBXBuildFile; fileRef = 21875260228164FB00408573 /* kuoz.appex */; settings = {ATTRIBUTES = (RemoveHeadersOnCopy, ); }; };
/* End PBXBuildFile section */

/* Begin PBXContainerItemProxy section */
		21875266228164FB00408573 /* PBXContainerItemProxy */ = {
			isa = PBXContainerItemProxy;
			containerPortal = 2187523B228164E000408573 /* Project object */;
			proxyType = 1;
			remoteGlobalIDString = 2187525F228164FB00408573;
			remoteInfo = kuoz;
		};
/* End PBXContainerItemProxy section */

/* Begin PBXCopyFilesBuildPhase section */
		2187526C228164FB00408573 /* Embed App Extensions */ = {
			isa = PBXCopyFilesBuildPhase;
			buildActionMask = 2147483647;
			dstPath = "";
			dstSubfolderSpec = 13;
			files = (
				21875268228164FB00408573 /* kuoz.appex in Embed App Extensions */,
			);
			name = "Embed App Extensions";
			runOnlyForDeploymentPostprocessing = 0;
		};
/* End PBXCopyFilesBuildPhase section */

/* Begin PBXFileReference section */
		21875243228164E000408573 /* push.app */ = {isa = PBXFileReference; explicitFileType = wrapper.application; includeInIndex = 0; path = push.app; sourceTree = BUILT_PRODUCTS_DIR; };
		21875246228164E000408573 /* AppDelegate.h */ = {isa = PBXFileReference; lastKnownFileType = sourcecode.c.h; path = AppDelegate.h; sourceTree = "<group>"; };
		21875247228164E000408573 /* AppDelegate.m */ = {isa = PBXFileReference; lastKnownFileType = sourcecode.c.objc; path = AppDelegate.m; sourceTree = "<group>"; };
		21875249228164E000408573 /* ViewController.h */ = {isa = PBXFileReference; lastKnownFileType = sourcecode.c.h; path = ViewController.h; sourceTree = "<group>"; };
		2187524A228164E000408573 /* ViewController.m */ = {isa = PBXFileReference; lastKnownFileType = sourcecode.c.objc; path = ViewController.m; sourceTree = "<group>"; };
		2187524D228164E000408573 /* Base */ = {isa = PBXFileReference; lastKnownFileType = file.storyboard; name = Base; path = Base.lproj/Main.storyboard; sourceTree = "<group>"; };
		2187524F228164E300408573 /* Assets.xcassets */ = {isa = PBXFileReference; lastKnownFileType = folder.assetcatalog; path = Assets.xcassets; sourceTree = "<group>"; };
		21875252228164E300408573 /* Base */ = {isa = PBXFileReference; lastKnownFileType = file.storyboard; name = Base; path = Base.lproj/LaunchScreen.storyboard; sourceTree = "<group>"; };
		21875254228164E300408573 /* Info.plist */ = {isa = PBXFileReference; lastKnownFileType = text.plist.xml; path = Info.plist; sourceTree = "<group>"; };
		21875255228164E300408573 /* main.m */ = {isa = PBXFileReference; lastKnownFileType = sourcecode.c.objc; path = main.m; sourceTree = "<group>"; };
		21875260228164FB00408573 /* kuoz.appex */ = {isa = PBXFileReference; explicitFileType = "wrapper.app-extension"; includeInIndex = 0; path = kuoz.appex; sourceTree = BUILT_PRODUCTS_DIR; };
		21875262228164FB00408573 /* NotificationService.h */ = {isa = PBXFileReference; lastKnownFileType = sourcecode.c.h; path = NotificationService.h; sourceTree = "<group>"; };
		21875263228164FB00408573 /* NotificationService.m */ = {isa = PBXFileReference; lastKnownFileType = sourcecode.c.objc; path = NotificationService.m; sourceTree = "<group>"; };
		21875265228164FB00408573 /* Info.plist */ = {isa = PBXFileReference; lastKnownFileType = text.plist.xml; path = Info.plist; sourceTree = "<group>"; };
		2187526D2281656800408573 /* kuoz.entitlements */ = {isa = PBXFileReference; lastKnownFileType = text.plist.entitlements; path = kuoz.entitlements; sourceTree = "<group>"; };
		21875273228165B200408573 /* push.entitlements */ = {isa = PBXFileReference; lastKnownFileType = text.plist.entitlements; path = push.entitlements; sourceTree = "<group>"; };
/* End PBXFileReference section */

/* Begin PBXFrameworksBuildPhase section */
		21875240228164E000408573 /* Frameworks */ = {
			isa = PBXFrameworksBuildPhase;
			buildActionMask = 2147483647;
			files = (
			);
			runOnlyForDeploymentPostprocessing = 0;
		};
		2187525D228164FB00408573 /* Frameworks */ = {
			isa = PBXFrameworksBuildPhase;
			buildActionMask = 2147483647;
			files = (
			);
			runOnlyForDeploymentPostprocessing = 0;
		};
/* End PBXFrameworksBuildPhase section */

/* Begin PBXGroup section */
		2187523A228164E000408573 = {
			isa = PBXGroup;
			children = (
				21875245228164E000408573 /* push */,
				21875261228164FB00408573 /* kuoz */,
				21875244228164E000408573 /* Products */,
				2187526E2281657C00408573 /* Frameworks */,
			);
			sourceTree = "<group>";
		};
		21875244228164E000408573 /* Products */ = {
			isa = PBXGroup;
			children = (
				21875243228164E000408573 /* push.app */,
				21875260228164FB00408573 /* kuoz.appex */,
			);
			name = Products;
			sourceTree = "<group>";
		};
		21875245228164E000408573 /* push */ = {
			isa = PBXGroup;
			children = (
				21875273228165B200408573 /* push.entitlements */,
				21875246228164E000408573 /* AppDelegate.h */,
				21875247228164E000408573 /* AppDelegate.m */,
				21875249228164E000408573 /* ViewController.h */,
				2187524A228164E000408573 /* ViewController.m */,
				2187524C228164E000408573 /* Main.storyboard */,
				2187524F228164E300408573 /* Assets.xcassets */,
				21875251228164E300408573 /* LaunchScreen.storyboard */,
				21875254228164E300408573 /* Info.plist */,
				21875255228164E300408573 /* main.m */,
			);
			path = push;
			sourceTree = "<group>";
		};
		21875261228164FB00408573 /* kuoz */ = {
			isa = PBXGroup;
			children = (
				2187526D2281656800408573 /* kuoz.entitlements */,
				21875262228164FB00408573 /* NotificationService.h */,
				21875263228164FB00408573 /* NotificationService.m */,
				21875265228164FB00408573 /* Info.plist */,
			);
			path = kuoz;
			sourceTree = "<group>";
		};
		2187526E2281657C00408573 /* Frameworks */ = {
			isa = PBXGroup;
			children = (
			);
			name = Frameworks;
			sourceTree = "<group>";
		};
/* End PBXGroup section */

/* Begin PBXNativeTarget section */
		21875242228164E000408573 /* push */ = {
			isa = PBXNativeTarget;
			buildConfigurationList = 21875259228164E300408573 /* Build configuration list for PBXNativeTarget "push" */;
			buildPhases = (
				2187523F228164E000408573 /* Sources */,
				21875240228164E000408573 /* Frameworks */,
				21875241228164E000408573 /* Resources */,
				2187526C228164FB00408573 /* Embed App Extensions */,
			);
			buildRules = (
			);
			dependencies = (
				21875267228164FB00408573 /* PBXTargetDependency */,
			);
			name = push;
			productName = push;
			productReference = 21875243228164E000408573 /* push.app */;
			productType = "com.apple.product-type.application";
		};
		2187525F228164FB00408573 /* kuoz */ = {
			isa = PBXNativeTarget;
			buildConfigurationList = 21875269228164FB00408573 /* Build configuration list for PBXNativeTarget "kuoz" */;
			buildPhases = (
				2187525C228164FB00408573 /* Sources */,
				2187525D228164FB00408573 /* Frameworks */,
				2187525E228164FB00408573 /* Resources */,
			);
			buildRules = (
			);
			dependencies = (
			);
			name = kuoz;
			productName = kuoz;
			productReference = 21875260228164FB00408573 /* kuoz.appex */;
			productType = "com.apple.product-type.app-extension";
		};
/* End PBXNativeTarget section */

/* Begin PBXProject section */
		2187523B228164E000408573 /* Project object */ = {
			isa = PBXProject;
			attributes = {
				LastUpgradeCheck = 1010;
				ORGANIZATIONNAME = lcWorld;
				TargetAttributes = {
					21875242228164E000408573 = {
						CreatedOnToolsVersion = 10.1;
						SystemCapabilities = {
							com.apple.BackgroundModes = {
								enabled = 1;
							};
							com.apple.Push = {
								enabled = 1;
							};
							com.apple.SafariKeychain = {
								enabled = 0;
							};
						};
					};
					2187525F228164FB00408573 = {
						CreatedOnToolsVersion = 10.1;
						SystemCapabilities = {
							com.apple.NetworkExtensions.iOS = {
								enabled = 0;
							};
							com.apple.Push = {
								enabled = 0;
							};
							com.apple.SafariKeychain = {
								enabled = 0;
							};
						};
					};
				};
			};
			buildConfigurationList = 2187523E228164E000408573 /* Build configuration list for PBXProject "push" */;
			compatibilityVersion = "Xcode 9.3";
			developmentRegion = en;
			hasScannedForEncodings = 0;
			knownRegions = (
				en,
				Base,
			);
			mainGroup = 2187523A228164E000408573;
			productRefGroup = 21875244228164E000408573 /* Products */;
			projectDirPath = "";
			projectRoot = "";
			targets = (
				21875242228164E000408573 /* push */,
				2187525F228164FB00408573 /* kuoz */,
			);
		};
/* End PBXProject section */

/* Begin PBXResourcesBuildPhase section */
		21875241228164E000408573 /* Resources */ = {
			isa = PBXResourcesBuildPhase;
			buildActionMask = 2147483647;
			files = (
				21875253228164E300408573 /* LaunchScreen.storyboard in Resources */,
				21875250228164E300408573 /* Assets.xcassets in Resources */,
				2187524E228164E000408573 /* Main.storyboard in Resources */,
			);
			runOnlyForDeploymentPostprocessing = 0;
		};
		2187525E228164FB00408573 /* Resources */ = {
			isa = PBXResourcesBuildPhase;
			buildActionMask = 2147483647;
			files = (
			);
			runOnlyForDeploymentPostprocessing = 0;
		};
/* End PBXResourcesBuildPhase section */

/* Begin PBXSourcesBuildPhase section */
		2187523F228164E000408573 /* Sources */ = {
			isa = PBXSourcesBuildPhase;
			buildActionMask = 2147483647;
			files = (
				2187524B228164E000408573 /* ViewController.m in Sources */,
				21875256228164E300408573 /* main.m in Sources */,
				21875248228164E000408573 /* AppDelegate.m in Sources */,
			);
			runOnlyForDeploymentPostprocessing = 0;
		};
		2187525C228164FB00408573 /* Sources */ = {
			isa = PBXSourcesBuildPhase;
			buildActionMask = 2147483647;
			files = (
				21875264228164FB00408573 /* NotificationService.m in Sources */,
			);
			runOnlyForDeploymentPostprocessing = 0;
		};
/* End PBXSourcesBuildPhase section */

/* Begin PBXTargetDependency section */
		21875267228164FB00408573 /* PBXTargetDependency */ = {
			isa = PBXTargetDependency;
			target = 2187525F228164FB00408573 /* kuoz */;
			targetProxy = 21875266228164FB00408573 /* PBXContainerItemProxy */;
		};
/* End PBXTargetDependency section */

/* Begin PBXVariantGroup section */
		2187524C228164E000408573 /* Main.storyboard */ = {
			isa = PBXVariantGroup;
			children = (
				2187524D228164E000408573 /* Base */,
			);
			name = Main.storyboard;
			sourceTree = "<group>";
		};
		21875251228164E300408573 /* LaunchScreen.storyboard */ = {
			isa = PBXVariantGroup;
			children = (
				21875252228164E300408573 /* Base */,
			);
			name = LaunchScreen.storyboard;
			sourceTree = "<group>";
		};
/* End PBXVariantGroup section */

/* Begin XCBuildConfiguration section */
		21875257228164E300408573 /* Debug */ = {
			isa = XCBuildConfiguration;
			buildSettings = {
				ALWAYS_SEARCH_USER_PATHS = NO;
				CLANG_ANALYZER_NONNULL = YES;
				CLANG_ANALYZER_NUMBER_OBJECT_CONVERSION = YES_AGGRESSIVE;
				CLANG_CXX_LANGUAGE_STANDARD = "gnu++14";
				CLANG_CXX_LIBRARY = "libc++";
				CLANG_ENABLE_MODULES = YES;
				CLANG_ENABLE_OBJC_ARC = YES;
				CLANG_ENABLE_OBJC_WEAK = YES;
				CLANG_WARN_BLOCK_CAPTURE_AUTORELEASING = YES;
				CLANG_WARN_BOOL_CONVERSION = YES;
				CLANG_WARN_COMMA = YES;
				CLANG_WARN_CONSTANT_CONVERSION = YES;
				CLANG_WARN_DEPRECATED_OBJC_IMPLEMENTATIONS = YES;
				CLANG_WARN_DIRECT_OBJC_ISA_USAGE = YES_ERROR;
				CLANG_WARN_DOCUMENTATION_COMMENTS = YES;
				CLANG_WARN_EMPTY_BODY = YES;
				CLANG_WARN_ENUM_CONVERSION = YES;
				CLANG_WARN_INFINITE_RECURSION = YES;
				CLANG_WARN_INT_CONVERSION = YES;
				CLANG_WARN_NON_LITERAL_NULL_CONVERSION = YES;
				CLANG_WARN_OBJC_IMPLICIT_RETAIN_SELF = YES;
				CLANG_WARN_OBJC_LITERAL_CONVERSION = YES;
				CLANG_WARN_OBJC_ROOT_CLASS = YES_ERROR;
				CLANG_WARN_RANGE_LOOP_ANALYSIS = YES;
				CLANG_WARN_STRICT_PROTOTYPES = YES;
				CLANG_WARN_SUSPICIOUS_MOVE = YES;
				CLANG_WARN_UNGUARDED_AVAILABILITY = YES_AGGRESSIVE;
				CLANG_WARN_UNREACHABLE_CODE = YES;
				CLANG_WARN__DUPLICATE_METHOD_MATCH = YES;
				CODE_SIGN_IDENTITY = "iPhone Developer";
				COPY_PHASE_STRIP = NO;
				DEBUG_INFORMATION_FORMAT = dwarf;
				ENABLE_STRICT_OBJC_MSGSEND = YES;
				ENABLE_TESTABILITY = YES;
				GCC_C_LANGUAGE_STANDARD = gnu11;
				GCC_DYNAMIC_NO_PIC = NO;
				GCC_NO_COMMON_BLOCKS = YES;
				GCC_OPTIMIZATION_LEVEL = 0;
				GCC_PREPROCESSOR_DEFINITIONS = (
					"DEBUG=1",
					"$(inherited)",
				);
				GCC_WARN_64_TO_32_BIT_CONVERSION = YES;
				GCC_WARN_ABOUT_RETURN_TYPE = YES_ERROR;
				GCC_WARN_UNDECLARED_SELECTOR = YES;
				GCC_WARN_UNINITIALIZED_AUTOS = YES_AGGRESSIVE;
				GCC_WARN_UNUSED_FUNCTION = YES;
				GCC_WARN_UNUSED_VARIABLE = YES;
				IPHONEOS_DEPLOYMENT_TARGET = 12.1;
				MTL_ENABLE_DEBUG_INFO = INCLUDE_SOURCE;
				MTL_FAST_MATH = YES;
				ONLY_ACTIVE_ARCH = YES;
				SDKROOT = iphoneos;
			};
			name = Debug;
		};
		21875258228164E300408573 /* Release */ = {
			isa = XCBuildConfiguration;
			buildSettings = {
				ALWAYS_SEARCH_USER_PATHS = NO;
				CLANG_ANALYZER_NONNULL = YES;
				CLANG_ANALYZER_NUMBER_OBJECT_CONVERSION = YES_AGGRESSIVE;
				CLANG_CXX_LANGUAGE_STANDARD = "gnu++14";
				CLANG_CXX_LIBRARY = "libc++";
				CLANG_ENABLE_MODULES = YES;
				CLANG_ENABLE_OBJC_ARC = YES;
				CLANG_ENABLE_OBJC_WEAK = YES;
				CLANG_WARN_BLOCK_CAPTURE_AUTORELEASING = YES;
				CLANG_WARN_BOOL_CONVERSION = YES;
				CLANG_WARN_COMMA = YES;
				CLANG_WARN_CONSTANT_CONVERSION = YES;
				CLANG_WARN_DEPRECATED_OBJC_IMPLEMENTATIONS = YES;
				CLANG_WARN_DIRECT_OBJC_ISA_USAGE = YES_ERROR;
				CLANG_WARN_DOCUMENTATION_COMMENTS = YES;
				CLANG_WARN_EMPTY_BODY = YES;
				CLANG_WARN_ENUM_CONVERSION = YES;
				CLANG_WARN_INFINITE_RECURSION = YES;
				CLANG_WARN_INT_CONVERSION = YES;
				CLANG_WARN_NON_LITERAL_NULL_CONVERSION = YES;
				CLANG_WARN_OBJC_IMPLICIT_RETAIN_SELF = YES;
				CLANG_WARN_OBJC_LITERAL_CONVERSION = YES;
				CLANG_WARN_OBJC_ROOT_CLASS = YES_ERROR;
				CLANG_WARN_RANGE_LOOP_ANALYSIS = YES;
				CLANG_WARN_STRICT_PROTOTYPES = YES;
				CLANG_WARN_SUSPICIOUS_MOVE = YES;
				CLANG_WARN_UNGUARDED_AVAILABILITY = YES_AGGRESSIVE;
				CLANG_WARN_UNREACHABLE_CODE = YES;
				CLANG_WARN__DUPLICATE_METHOD_MATCH = YES;
				CODE_SIGN_IDENTITY = "iPhone Developer";
				COPY_PHASE_STRIP = NO;
				DEBUG_INFORMATION_FORMAT = "dwarf-with-dsym";
				ENABLE_NS_ASSERTIONS = NO;
				ENABLE_STRICT_OBJC_MSGSEND = YES;
				GCC_C_LANGUAGE_STANDARD = gnu11;
				GCC_NO_COMMON_BLOCKS = YES;
				GCC_WARN_64_TO_32_BIT_CONVERSION = YES;
				GCC_WARN_ABOUT_RETURN_TYPE = YES_ERROR;
				GCC_WARN_UNDECLARED_SELECTOR = YES;
				GCC_WARN_UNINITIALIZED_AUTOS = YES_AGGRESSIVE;
				GCC_WARN_UNUSED_FUNCTION = YES;
				GCC_WARN_UNUSED_VARIABLE = YES;
				IPHONEOS_DEPLOYMENT_TARGET = 12.1;
				MTL_ENABLE_DEBUG_INFO = NO;
				MTL_FAST_MATH = YES;
				SDKROOT = iphoneos;
				VALIDATE_PRODUCT = YES;
			};
			name = Release;
		};
		2187525A228164E300408573 /* Debug */ = {
			isa = XCBuildConfiguration;
			buildSettings = {
				ASSETCATALOG_COMPILER_APPICON_NAME = AppIcon;
				CODE_SIGN_ENTITLEMENTS = push/push.entitlements;
				CODE_SIGN_STYLE = Automatic;
				DEVELOPMENT_TEAM = JSRBNARJYJ;
				INFOPLIST_FILE = push/Info.plist;
				IPHONEOS_DEPLOYMENT_TARGET = 11.0;
				LD_RUNPATH_SEARCH_PATHS = (
					"$(inherited)",
					"@executable_path/Frameworks",
				);
				PRODUCT_BUNDLE_IDENTIFIER = cn.CITS;
				PRODUCT_NAME = "$(TARGET_NAME)";
				TARGETED_DEVICE_FAMILY = "1,2";
			};
			name = Debug;
		};
		2187525B228164E300408573 /* Release */ = {
			isa = XCBuildConfiguration;
			buildSettings = {
				ASSETCATALOG_COMPILER_APPICON_NAME = AppIcon;
				CODE_SIGN_ENTITLEMENTS = push/push.entitlements;
				CODE_SIGN_STYLE = Automatic;
				DEVELOPMENT_TEAM = JSRBNARJYJ;
				INFOPLIST_FILE = push/Info.plist;
				IPHONEOS_DEPLOYMENT_TARGET = 11.0;
				LD_RUNPATH_SEARCH_PATHS = (
					"$(inherited)",
					"@executable_path/Frameworks",
				);
				PRODUCT_BUNDLE_IDENTIFIER = cn.CITS;
				PRODUCT_NAME = "$(TARGET_NAME)";
				TARGETED_DEVICE_FAMILY = "1,2";
			};
			name = Release;
		};
		2187526A228164FB00408573 /* Debug */ = {
			isa = XCBuildConfiguration;
			buildSettings = {
				CODE_SIGN_STYLE = Automatic;
				DEVELOPMENT_TEAM = JSRBNARJYJ;
				INFOPLIST_FILE = kuoz/Info.plist;
				IPHONEOS_DEPLOYMENT_TARGET = 11.0;
				LD_RUNPATH_SEARCH_PATHS = (
					"$(inherited)",
					"@executable_path/Frameworks",
					"@executable_path/../../Frameworks",
				);
				PRODUCT_BUNDLE_IDENTIFIER = cn.CITS.kuoz;
				PRODUCT_NAME = "$(TARGET_NAME)";
				SKIP_INSTALL = YES;
				TARGETED_DEVICE_FAMILY = "1,2";
			};
			name = Debug;
		};
		2187526B228164FB00408573 /* Release */ = {
			isa = XCBuildConfiguration;
			buildSettings = {
				CODE_SIGN_STYLE = Automatic;
				DEVELOPMENT_TEAM = JSRBNARJYJ;
				INFOPLIST_FILE = kuoz/Info.plist;
				IPHONEOS_DEPLOYMENT_TARGET = 11.0;
				LD_RUNPATH_SEARCH_PATHS = (
					"$(inherited)",
					"@executable_path/Frameworks",
					"@executable_path/../../Frameworks",
				);
				PRODUCT_BUNDLE_IDENTIFIER = cn.CITS.kuoz;
				PRODUCT_NAME = "$(TARGET_NAME)";
				SKIP_INSTALL = YES;
				TARGETED_DEVICE_FAMILY = "1,2";
			};
			name = Release;
		};
/* End XCBuildConfiguration section */

/* Begin XCConfigurationList section */
		2187523E228164E000408573 /* Build configuration list for PBXProject "push" */ = {
			isa = XCConfigurationList;
			buildConfigurations = (
				21875257228164E300408573 /* Debug */,
				21875258228164E300408573 /* Release */,
			);
			defaultConfigurationIsVisible = 0;
			defaultConfigurationName = Release;
		};
		21875259228164E300408573 /* Build configuration list for PBXNativeTarget "push" */ = {
			isa = XCConfigurationList;
			buildConfigurations = (
				2187525A228164E300408573 /* Debug */,
				2187525B228164E300408573 /* Release */,
			);
			defaultConfigurationIsVisible = 0;
			defaultConfigurationName = Release;
		};
		21875269228164FB00408573 /* Build configuration list for PBXNativeTarget "kuoz" */ = {
			isa = XCConfigurationList;
			buildConfigurations = (
				2187526A228164FB00408573 /* Debug */,
				2187526B228164FB00408573 /* Release */,
			);
			defaultConfigurationIsVisible = 0;
			defaultConfigurationName = Release;
		};
/* End XCConfigurationList section */
	};
	rootObject = 2187523B228164E000408573 /* Project object */;
}
